
Microsoft Visual Studio Solution File, Format Version 12.00
# Visual Studio 15
VisualStudioVersion = 15.0.26430.16
MinimumVisualStudioVersion = 10.0.40219.1
Project("{FAE04EC0-301F-11D3-BF4B-00C04F79EFBC}") = "Silva.Cristian.2C", "Silva.Cristian.2C\Silva.Cristian.2C.csproj", "{15157C9E-467E-4668-858E-43FE79D02D56}"
EndProject
Project("{FAE04EC0-301F-11D3-BF4B-00C04F79EFBC}") = "FormuEstante", "FormuEstante\FormuEstante.csproj", "{0EF17E1B-6C47-462D-97FD-9B193BF1DCA8}"
EndProject
Global
	GlobalSection(SolutionConfigurationPlatforms) = preSolution
		Debug|Any CPU = Debug|Any CPU
		Release|Any CPU = Release|Any CPU
	EndGlobalSection
	GlobalSection(ProjectConfigurationPlatforms) = postSolution
		{15157C9E-467E-4668-858E-43FE79D02D56}.Debug|Any CPU.ActiveCfg = Debug|Any CPU
		{15157C9E-467E-4668-858E-43FE79D02D56}.Debug|Any CPU.Build.0 = Debug|Any CPU
		{15157C9E-467E-4668-858E-43FE79D02D56}.Release|Any CPU.ActiveCfg = Release|Any CPU
		{15157C9E-467E-4668-858E-43FE79D02D56}.Release|Any CPU.Build.0 = Release|Any CPU
		{0EF17E1B-6C47-462D-97FD-9B193BF1DCA8}.Debug|Any CPU.ActiveCfg = Debug|Any CPU
		{0EF17E1B-6C47-462D-97FD-9B193BF1DCA8}.Debug|Any CPU.Build.0 = Debug|Any CPU
		{0EF17E1B-6C47-462D-97FD-9B193BF1DCA8}.Release|Any CPU.ActiveCfg = Release|Any CPU
		{0EF17E1B-6C47-462D-97FD-9B193BF1DCA8}.Release|Any CPU.Build.0 = Release|Any CPU
	EndGlobalSection
	GlobalSection(SolutionProperties) = preSolution
		HideSolutionNode = FALSE
	EndGlobalSection
EndGlobal
