
Microsoft Visual Studio Solution File, Format Version 12.00
# Visual Studio 15
VisualStudioVersion = 15.0.26430.16
MinimumVisualStudioVersion = 10.0.40219.1
Project("{FAE04EC0-301F-11D3-BF4B-00C04F79EFBC}") = "Thread 3", "Thread 3\Thread 3.csproj", "{FE64ED07-4B1E-4C3A-809D-7F3755E3AEDD}"
EndProject
Global
	GlobalSection(SolutionConfigurationPlatforms) = preSolution
		Debug|Any CPU = Debug|Any CPU
		Release|Any CPU = Release|Any CPU
	EndGlobalSection
	GlobalSection(ProjectConfigurationPlatforms) = postSolution
		{FE64ED07-4B1E-4C3A-809D-7F3755E3AEDD}.Debug|Any CPU.ActiveCfg = Debug|Any CPU
		{FE64ED07-4B1E-4C3A-809D-7F3755E3AEDD}.Debug|Any CPU.Build.0 = Debug|Any CPU
		{FE64ED07-4B1E-4C3A-809D-7F3755E3AEDD}.Release|Any CPU.ActiveCfg = Release|Any CPU
		{FE64ED07-4B1E-4C3A-809D-7F3755E3AEDD}.Release|Any CPU.Build.0 = Release|Any CPU
	EndGlobalSection
	GlobalSection(SolutionProperties) = preSolution
		HideSolutionNode = FALSE
	EndGlobalSection
EndGlobal
