
Microsoft Visual Studio Solution File, Format Version 12.00
# Visual Studio 15
VisualStudioVersion = 15.0.26430.16
MinimumVisualStudioVersion = 10.0.40219.1
Project("{FAE04EC0-301F-11D3-BF4B-00C04F79EFBC}") = "Try_Catch", "Try_Catch\Try_Catch.csproj", "{34558BDF-4215-4669-A1C9-5D82C6A53A85}"
EndProject
Global
	GlobalSection(SolutionConfigurationPlatforms) = preSolution
		Debug|Any CPU = Debug|Any CPU
		Release|Any CPU = Release|Any CPU
	EndGlobalSection
	GlobalSection(ProjectConfigurationPlatforms) = postSolution
		{34558BDF-4215-4669-A1C9-5D82C6A53A85}.Debug|Any CPU.ActiveCfg = Debug|Any CPU
		{34558BDF-4215-4669-A1C9-5D82C6A53A85}.Debug|Any CPU.Build.0 = Debug|Any CPU
		{34558BDF-4215-4669-A1C9-5D82C6A53A85}.Release|Any CPU.ActiveCfg = Release|Any CPU
		{34558BDF-4215-4669-A1C9-5D82C6A53A85}.Release|Any CPU.Build.0 = Release|Any CPU
	EndGlobalSection
	GlobalSection(SolutionProperties) = preSolution
		HideSolutionNode = FALSE
	EndGlobalSection
EndGlobal
