
Microsoft Visual Studio Solution File, Format Version 12.00
# Visual Studio 15
VisualStudioVersion = 15.0.26430.16
MinimumVisualStudioVersion = 10.0.40219.1
Project("{FAE04EC0-301F-11D3-BF4B-00C04F79EFBC}") = "RichTextBox 2", "RichTextBox 2\RichTextBox 2.csproj", "{BA473B6C-5B62-4A90-AE44-37B030E5560B}"
EndProject
Global
	GlobalSection(SolutionConfigurationPlatforms) = preSolution
		Debug|Any CPU = Debug|Any CPU
		Release|Any CPU = Release|Any CPU
	EndGlobalSection
	GlobalSection(ProjectConfigurationPlatforms) = postSolution
		{BA473B6C-5B62-4A90-AE44-37B030E5560B}.Debug|Any CPU.ActiveCfg = Debug|Any CPU
		{BA473B6C-5B62-4A90-AE44-37B030E5560B}.Debug|Any CPU.Build.0 = Debug|Any CPU
		{BA473B6C-5B62-4A90-AE44-37B030E5560B}.Release|Any CPU.ActiveCfg = Release|Any CPU
		{BA473B6C-5B62-4A90-AE44-37B030E5560B}.Release|Any CPU.Build.0 = Release|Any CPU
	EndGlobalSection
	GlobalSection(SolutionProperties) = preSolution
		HideSolutionNode = FALSE
	EndGlobalSection
EndGlobal
